
Microsoft Visual Studio Solution File, Format Version 11.00
# Visual Studio 2010
Project("{FAE04EC0-301F-11D3-BF4B-00C04F79EFBC}") = "Vosen.Controls", "Vosen.Controls\Vosen.Controls.csproj", "{C969B4B6-18E1-4DE9-981F-050F7E6D9596}"
EndProject
Project("{FAE04EC0-301F-11D3-BF4B-00C04F79EFBC}") = "TextProcessing.Application", "TextProcessing.Application\TextProcessing.Application.csproj", "{43277945-4B6E-40F3-B1F9-9490736E647D}"
EndProject
Project("{FAE04EC0-301F-11D3-BF4B-00C04F79EFBC}") = "TextProcessing.SQLFilter", "TextProcessing.SQLFilter\TextProcessing.SQLFilter.csproj", "{8A040ABA-4C9F-4F61-A348-29FFDE973CDE}"
EndProject
Project("{FAE04EC0-301F-11D3-BF4B-00C04F79EFBC}") = "TextProcessing.Tests", "TextProcessing.Tests\TextProcessing.Tests.csproj", "{0391EAF1-732A-40A6-89F8-E5BD943EBC07}"
EndProject
Global
	GlobalSection(SolutionConfigurationPlatforms) = preSolution
		Debug|Any CPU = Debug|Any CPU
		Release|Any CPU = Release|Any CPU
	EndGlobalSection
	GlobalSection(ProjectConfigurationPlatforms) = postSolution
		{C969B4B6-18E1-4DE9-981F-050F7E6D9596}.Debug|Any CPU.ActiveCfg = Debug|Any CPU
		{C969B4B6-18E1-4DE9-981F-050F7E6D9596}.Debug|Any CPU.Build.0 = Debug|Any CPU
		{C969B4B6-18E1-4DE9-981F-050F7E6D9596}.Release|Any CPU.ActiveCfg = Release|Any CPU
		{C969B4B6-18E1-4DE9-981F-050F7E6D9596}.Release|Any CPU.Build.0 = Release|Any CPU
		{43277945-4B6E-40F3-B1F9-9490736E647D}.Debug|Any CPU.ActiveCfg = Debug|Any CPU
		{43277945-4B6E-40F3-B1F9-9490736E647D}.Debug|Any CPU.Build.0 = Debug|Any CPU
		{43277945-4B6E-40F3-B1F9-9490736E647D}.Release|Any CPU.ActiveCfg = Release|Any CPU
		{43277945-4B6E-40F3-B1F9-9490736E647D}.Release|Any CPU.Build.0 = Release|Any CPU
		{8A040ABA-4C9F-4F61-A348-29FFDE973CDE}.Debug|Any CPU.ActiveCfg = Debug|Any CPU
		{8A040ABA-4C9F-4F61-A348-29FFDE973CDE}.Debug|Any CPU.Build.0 = Debug|Any CPU
		{8A040ABA-4C9F-4F61-A348-29FFDE973CDE}.Release|Any CPU.ActiveCfg = Release|Any CPU
		{8A040ABA-4C9F-4F61-A348-29FFDE973CDE}.Release|Any CPU.Build.0 = Release|Any CPU
		{0391EAF1-732A-40A6-89F8-E5BD943EBC07}.Debug|Any CPU.ActiveCfg = Debug|Any CPU
		{0391EAF1-732A-40A6-89F8-E5BD943EBC07}.Debug|Any CPU.Build.0 = Debug|Any CPU
		{0391EAF1-732A-40A6-89F8-E5BD943EBC07}.Release|Any CPU.ActiveCfg = Release|Any CPU
		{0391EAF1-732A-40A6-89F8-E5BD943EBC07}.Release|Any CPU.Build.0 = Release|Any CPU
	EndGlobalSection
	GlobalSection(SolutionProperties) = preSolution
		HideSolutionNode = FALSE
	EndGlobalSection
EndGlobal
